github.com/davyxu/cellnet v4.1.0+incompatible h1:zDRqhkFRhBTD7ajra2888aoRLN1qlv8LV8+qHg/emO4=
github.com/davyxu/cellnet v4.1.0+incompatible/go.mod h1:YyjRD4BinuDQmXWX7iHjPtnVf3qp2EzVN2/7P/8GKXE=
github.com/davyxu/golexer v0.1.0 h1:PFavbgNV8PUH2HPU1G3o0QMcNJ3I4BkL8esbeenTyMU=
github.com/davyxu/golexer v0.1.0/go.mod h1:K/1PVWqaQEwMs+N+VvaoS66o1BAAwso+jEgXKBIa8QY=
github.com/davyxu/golog v0.1.0 h1:SsV3m2x37sCzFaQzq5OHc5S+PE2VMiL7XUx34JCa7mo=
github.com/davyxu/golog v0.1.0/go.mod h1:YwChkFY5dCYt77yuPlWjcR6KlWqVJNbz3WkwC/8WgQk=
github.com/davyxu/goobjfmt v0.1.0 h1:/Kz4X/UL4Jf5xOaQhP5DxzNtcwsfJqsz6ceoePeHBgA=
github.com/davyxu/goobjfmt v0.1.0/go.mod h1:KKrytCtCXny2sEg3ojQfJ4NThhBP8hKw/qM9vhDwgog=
github.com/davyxu/protoplus v0.1.0 h1:iKk94nwYZdEK8r1r4GZDkW7JnmLJTPYQSVUvBLBxsb8=
github.com/davyxu/protoplus v0.1.0/go.mod h1:WzmNYPvYsyks3G81jCJ/vGY2ljs49qFMfCmXGwvxFLA=
